<?xml version="1.0" encoding="utf-8"?>
<Project ToolsVersion="Current" xmlns="http://schemas.microsoft.com/developer/msbuild/2003">
  <ItemGroup>
    <CudaCompile Include="main.cu" />
  </ItemGroup>
  <ItemGroup>
    <ClInclude Include="support.h" />
    <ClInclude Include="_host.h">
      <Filter>testcases</Filter>
    </ClInclude>
    <ClInclude Include="_simple.h">
      <Filter>testcases</Filter>
    </ClInclude>
    <ClInclude Include="main.h" />
  </ItemGroup>
  <ItemGroup>
    <None Include="LICENSE" />
    <None Include="README.md" />
  </ItemGroup>
  <ItemGroup>
    <Filter Include="testcases">
      <UniqueIdentifier>{d6b758b9-0219-400e-aba4-f121e68b091e}</UniqueIdentifier>
    </Filter>
  </ItemGroup>
</Project>